
Microsoft Visual Studio Solution File, Format Version 12.00
# Visual Studio Version 17
VisualStudioVersion = 17.2.32616.157
MinimumVisualStudioVersion = 10.0.40219.1
Project("{8BC9CEB8-8B4A-11D0-8D11-00A0C91BC942}") = "CaesarCipher", "CaesarCipher.vcxproj", "{49074245-2AAA-4517-829E-3534C62FBA4D}"
EndProject
Global
	GlobalSection(SolutionConfigurationPlatforms) = preSolution
		Debug|x64 = Debug|x64
		Debug|x86 = Debug|x86
		Release|x64 = Release|x64
		Release|x86 = Release|x86
	EndGlobalSection
	GlobalSection(ProjectConfigurationPlatforms) = postSolution
		{49074245-2AAA-4517-829E-3534C62FBA4D}.Debug|x64.ActiveCfg = Debug|x64
		{49074245-2AAA-4517-829E-3534C62FBA4D}.Debug|x64.Build.0 = Debug|x64
		{49074245-2AAA-4517-829E-3534C62FBA4D}.Debug|x86.ActiveCfg = Debug|Win32
		{49074245-2AAA-4517-829E-3534C62FBA4D}.Debug|x86.Build.0 = Debug|Win32
		{49074245-2AAA-4517-829E-3534C62FBA4D}.Release|x64.ActiveCfg = Release|x64
		{49074245-2AAA-4517-829E-3534C62FBA4D}.Release|x64.Build.0 = Release|x64
		{49074245-2AAA-4517-829E-3534C62FBA4D}.Release|x86.ActiveCfg = Release|Win32
		{49074245-2AAA-4517-829E-3534C62FBA4D}.Release|x86.Build.0 = Release|Win32
	EndGlobalSection
	GlobalSection(SolutionProperties) = preSolution
		HideSolutionNode = FALSE
	EndGlobalSection
	GlobalSection(ExtensibilityGlobals) = postSolution
		SolutionGuid = {E77BE9CD-5EEC-4CA0-99A5-4594C4679CA2}
	EndGlobalSection
EndGlobal
